
Microsoft Visual Studio Solution File, Format Version 12.00
# Visual Studio Version 17
VisualStudioVersion = 17.10.34928.147
MinimumVisualStudioVersion = 10.0.40219.1
Project("{9A19103F-16F7-4668-BE54-9A1E7A4F7556}") = "MWalks.API", "NZWalks\MWalks.API.csproj", "{8D14FC73-A042-4F37-89FE-96A59CC5AEC8}"
EndProject
Global
	GlobalSection(SolutionConfigurationPlatforms) = preSolution
		Debug|Any CPU = Debug|Any CPU
		Release|Any CPU = Release|Any CPU
	EndGlobalSection
	GlobalSection(ProjectConfigurationPlatforms) = postSolution
		{8D14FC73-A042-4F37-89FE-96A59CC5AEC8}.Debug|Any CPU.ActiveCfg = Debug|Any CPU
		{8D14FC73-A042-4F37-89FE-96A59CC5AEC8}.Debug|Any CPU.Build.0 = Debug|Any CPU
		{8D14FC73-A042-4F37-89FE-96A59CC5AEC8}.Release|Any CPU.ActiveCfg = Release|Any CPU
		{8D14FC73-A042-4F37-89FE-96A59CC5AEC8}.Release|Any CPU.Build.0 = Release|Any CPU
	EndGlobalSection
	GlobalSection(SolutionProperties) = preSolution
		HideSolutionNode = FALSE
	EndGlobalSection
	GlobalSection(ExtensibilityGlobals) = postSolution
		SolutionGuid = {ACAD486E-E9AF-4662-9C3F-898CC7C4C2ED}
	EndGlobalSection
EndGlobal
